
Microsoft Visual Studio Solution File, Format Version 12.00
# Visual Studio Version 16
VisualStudioVersion = 16.0.31205.134
MinimumVisualStudioVersion = 10.0.40219.1
Project("{FAE04EC0-301F-11D3-BF4B-00C04F79EFBC}") = "capaDatos", "gestorDietas\capaDatos.csproj", "{F4487019-64A8-4F5B-ADE8-161CB293FABC}"
EndProject
Global
	GlobalSection(SolutionConfigurationPlatforms) = preSolution
		Debug|Any CPU = Debug|Any CPU
		Release|Any CPU = Release|Any CPU
	EndGlobalSection
	GlobalSection(ProjectConfigurationPlatforms) = postSolution
		{F4487019-64A8-4F5B-ADE8-161CB293FABC}.Debug|Any CPU.ActiveCfg = Debug|Any CPU
		{F4487019-64A8-4F5B-ADE8-161CB293FABC}.Debug|Any CPU.Build.0 = Debug|Any CPU
		{F4487019-64A8-4F5B-ADE8-161CB293FABC}.Release|Any CPU.ActiveCfg = Release|Any CPU
		{F4487019-64A8-4F5B-ADE8-161CB293FABC}.Release|Any CPU.Build.0 = Release|Any CPU
	EndGlobalSection
	GlobalSection(SolutionProperties) = preSolution
		HideSolutionNode = FALSE
	EndGlobalSection
	GlobalSection(ExtensibilityGlobals) = postSolution
		SolutionGuid = {DA9550C3-BF36-4D6B-BD00-6806194B00CA}
	EndGlobalSection
EndGlobal
