
Microsoft Visual Studio Solution File, Format Version 12.00
# Visual Studio Version 16
VisualStudioVersion = 16.0.31205.134
MinimumVisualStudioVersion = 10.0.40219.1
Project("{FAE04EC0-301F-11D3-BF4B-00C04F79EFBC}") = "consultarCliente", "consultarCliente\consultarCliente.csproj", "{BEF4DE91-148E-4AB2-A9B4-0758877CEB10}"
EndProject
Global
	GlobalSection(SolutionConfigurationPlatforms) = preSolution
		Debug|Any CPU = Debug|Any CPU
		Release|Any CPU = Release|Any CPU
	EndGlobalSection
	GlobalSection(ProjectConfigurationPlatforms) = postSolution
		{BEF4DE91-148E-4AB2-A9B4-0758877CEB10}.Debug|Any CPU.ActiveCfg = Debug|Any CPU
		{BEF4DE91-148E-4AB2-A9B4-0758877CEB10}.Debug|Any CPU.Build.0 = Debug|Any CPU
		{BEF4DE91-148E-4AB2-A9B4-0758877CEB10}.Release|Any CPU.ActiveCfg = Release|Any CPU
		{BEF4DE91-148E-4AB2-A9B4-0758877CEB10}.Release|Any CPU.Build.0 = Release|Any CPU
	EndGlobalSection
	GlobalSection(SolutionProperties) = preSolution
		HideSolutionNode = FALSE
	EndGlobalSection
	GlobalSection(ExtensibilityGlobals) = postSolution
		SolutionGuid = {141EF8AA-D111-4999-86E9-0DA4FDF610D3}
	EndGlobalSection
EndGlobal
